
Microsoft Visual Studio Solution File, Format Version 12.00
# Visual Studio Version 17
VisualStudioVersion = 17.13.35825.156 d17.13
MinimumVisualStudioVersion = 10.0.40219.1
Project("{8BC9CEB8-8B4A-11D0-8D11-00A0C91BC942}") = "2025_4_4", "2025_4_4\2025_4_4.vcxproj", "{D73AE5BC-E684-40B8-993E-7729821D247E}"
EndProject
Global
	GlobalSection(SolutionConfigurationPlatforms) = preSolution
		Debug|x64 = Debug|x64
		Debug|x86 = Debug|x86
		Release|x64 = Release|x64
		Release|x86 = Release|x86
	EndGlobalSection
	GlobalSection(ProjectConfigurationPlatforms) = postSolution
		{D73AE5BC-E684-40B8-993E-7729821D247E}.Debug|x64.ActiveCfg = Debug|x64
		{D73AE5BC-E684-40B8-993E-7729821D247E}.Debug|x64.Build.0 = Debug|x64
		{D73AE5BC-E684-40B8-993E-7729821D247E}.Debug|x86.ActiveCfg = Debug|Win32
		{D73AE5BC-E684-40B8-993E-7729821D247E}.Debug|x86.Build.0 = Debug|Win32
		{D73AE5BC-E684-40B8-993E-7729821D247E}.Release|x64.ActiveCfg = Release|x64
		{D73AE5BC-E684-40B8-993E-7729821D247E}.Release|x64.Build.0 = Release|x64
		{D73AE5BC-E684-40B8-993E-7729821D247E}.Release|x86.ActiveCfg = Release|Win32
		{D73AE5BC-E684-40B8-993E-7729821D247E}.Release|x86.Build.0 = Release|Win32
	EndGlobalSection
	GlobalSection(SolutionProperties) = preSolution
		HideSolutionNode = FALSE
	EndGlobalSection
	GlobalSection(ExtensibilityGlobals) = postSolution
		SolutionGuid = {A19FAA8B-E810-4F9D-BDF6-B15DC2A36115}
	EndGlobalSection
EndGlobal
