
Microsoft Visual Studio Solution File, Format Version 12.00
# Visual Studio Version 17
VisualStudioVersion = 17.13.35825.156 d17.13
MinimumVisualStudioVersion = 10.0.40219.1
Project("{8BC9CEB8-8B4A-11D0-8D11-00A0C91BC942}") = "BSTree", "BSTree\BSTree.vcxproj", "{B93E8908-0EA8-4B0C-9F4E-414913607D9B}"
EndProject
Global
	GlobalSection(SolutionConfigurationPlatforms) = preSolution
		Debug|x64 = Debug|x64
		Debug|x86 = Debug|x86
		Release|x64 = Release|x64
		Release|x86 = Release|x86
	EndGlobalSection
	GlobalSection(ProjectConfigurationPlatforms) = postSolution
		{B93E8908-0EA8-4B0C-9F4E-414913607D9B}.Debug|x64.ActiveCfg = Debug|x64
		{B93E8908-0EA8-4B0C-9F4E-414913607D9B}.Debug|x64.Build.0 = Debug|x64
		{B93E8908-0EA8-4B0C-9F4E-414913607D9B}.Debug|x86.ActiveCfg = Debug|Win32
		{B93E8908-0EA8-4B0C-9F4E-414913607D9B}.Debug|x86.Build.0 = Debug|Win32
		{B93E8908-0EA8-4B0C-9F4E-414913607D9B}.Release|x64.ActiveCfg = Release|x64
		{B93E8908-0EA8-4B0C-9F4E-414913607D9B}.Release|x64.Build.0 = Release|x64
		{B93E8908-0EA8-4B0C-9F4E-414913607D9B}.Release|x86.ActiveCfg = Release|Win32
		{B93E8908-0EA8-4B0C-9F4E-414913607D9B}.Release|x86.Build.0 = Release|Win32
	EndGlobalSection
	GlobalSection(SolutionProperties) = preSolution
		HideSolutionNode = FALSE
	EndGlobalSection
	GlobalSection(ExtensibilityGlobals) = postSolution
		SolutionGuid = {18EE988D-BDD0-4433-9615-1E7CE9AEEB29}
	EndGlobalSection
EndGlobal
